
Microsoft Visual Studio Solution File, Format Version 12.00
# Visual Studio Version 17
VisualStudioVersion = 17.5.33530.505
MinimumVisualStudioVersion = 10.0.40219.1
Project("{8BC9CEB8-8B4A-11D0-8D11-00A0C91BC942}") = "ATM", "ATM\ATM.vcxproj", "{D0EAA225-384B-458E-B38B-6A4886AD3897}"
EndProject
Global
	GlobalSection(SolutionConfigurationPlatforms) = preSolution
		Debug|x64 = Debug|x64
		Debug|x86 = Debug|x86
		Release|x64 = Release|x64
		Release|x86 = Release|x86
	EndGlobalSection
	GlobalSection(ProjectConfigurationPlatforms) = postSolution
		{D0EAA225-384B-458E-B38B-6A4886AD3897}.Debug|x64.ActiveCfg = Debug|x64
		{D0EAA225-384B-458E-B38B-6A4886AD3897}.Debug|x64.Build.0 = Debug|x64
		{D0EAA225-384B-458E-B38B-6A4886AD3897}.Debug|x86.ActiveCfg = Debug|Win32
		{D0EAA225-384B-458E-B38B-6A4886AD3897}.Debug|x86.Build.0 = Debug|Win32
		{D0EAA225-384B-458E-B38B-6A4886AD3897}.Release|x64.ActiveCfg = Release|x64
		{D0EAA225-384B-458E-B38B-6A4886AD3897}.Release|x64.Build.0 = Release|x64
		{D0EAA225-384B-458E-B38B-6A4886AD3897}.Release|x86.ActiveCfg = Release|Win32
		{D0EAA225-384B-458E-B38B-6A4886AD3897}.Release|x86.Build.0 = Release|Win32
	EndGlobalSection
	GlobalSection(SolutionProperties) = preSolution
		HideSolutionNode = FALSE
	EndGlobalSection
	GlobalSection(ExtensibilityGlobals) = postSolution
		SolutionGuid = {89ABC82C-F880-4AEC-B04B-F50B58A703F8}
	EndGlobalSection
EndGlobal
